
Microsoft Visual Studio Solution File, Format Version 12.00
# Visual Studio Version 16
VisualStudioVersion = 16.0.28803.202
MinimumVisualStudioVersion = 10.0.40219.1
Project("{FAE04EC0-301F-11D3-BF4B-00C04F79EFBC}") = "CyberPet", "CyberPet\CyberPet.csproj", "{8AF924B6-F955-49E1-8EBB-9381ABD18899}"
EndProject
Global
	GlobalSection(SolutionConfigurationPlatforms) = preSolution
		Debug|Any CPU = Debug|Any CPU
		Release|Any CPU = Release|Any CPU
	EndGlobalSection
	GlobalSection(ProjectConfigurationPlatforms) = postSolution
		{8AF924B6-F955-49E1-8EBB-9381ABD18899}.Debug|Any CPU.ActiveCfg = Debug|Any CPU
		{8AF924B6-F955-49E1-8EBB-9381ABD18899}.Debug|Any CPU.Build.0 = Debug|Any CPU
		{8AF924B6-F955-49E1-8EBB-9381ABD18899}.Release|Any CPU.ActiveCfg = Release|Any CPU
		{8AF924B6-F955-49E1-8EBB-9381ABD18899}.Release|Any CPU.Build.0 = Release|Any CPU
	EndGlobalSection
	GlobalSection(SolutionProperties) = preSolution
		HideSolutionNode = FALSE
	EndGlobalSection
	GlobalSection(ExtensibilityGlobals) = postSolution
		SolutionGuid = {49C0DD6D-BE23-4D5B-BBBB-014E183DE733}
	EndGlobalSection
EndGlobal
